lockfileVersion: '6.0'

settings:
  autoInstallPeers: true
  excludeLinksFromLockfile: false

dependencies:
  '@reatom/core':
    specifier: '>=3.5.0'
    version: 3.6.5
  vue-demi:
    specifier: ^0.14.6
    version: 0.14.6(@vue/composition-api@1.7.2)(vue@2.6.14)

devDependencies:
  '@reatom/hooks':
    specifier: ^3.5.2
    version: 3.5.2
  '@vue/composition-api':
    specifier: ^1.7.2
    version: 1.7.2(vue@2.6.14)

packages:

  /@reatom/core@3.6.5:
    resolution: {integrity: sha512-X0zUAXZPlLY9V99l4VgvYllQ63lswlAsqQYm0poNoW3KkthVrwQLkXSaZGCpV5TaOmhLaNEaJ89PlQHjjlE9rw==}

  /@reatom/effects@3.7.2:
    resolution: {integrity: sha512-6j3rhFdUSCjNC0HK7lKNFHYM8y6JV0OXpPUXKtA0psNwa5WUq2X4Q0WfMnixy7Jm8tAAQR9F6iKqy9T0U1Ej8Q==}
    dependencies:
      '@reatom/core': 3.6.5
      '@reatom/utils': 3.8.0
    dev: true

  /@reatom/hooks@3.5.2:
    resolution: {integrity: sha512-mZJP+fsv+cg35vPEbdEJ4AroSDqnXaK9DpLq8M0AXg97UPJY2c2IoztD0mvEVkFSBxoGAsTXO89m8ZgZxVud2Q==}
    dependencies:
      '@reatom/core': 3.6.5
      '@reatom/effects': 3.7.2
      '@reatom/utils': 3.8.0
    dev: true

  /@reatom/utils@3.8.0:
    resolution: {integrity: sha512-U4cINdsQuj4jH5Q0EKXmzeXLIN4dTT6Jqk+c7IAWmdIf/FKjk6jqXRiIWZWVaj5/Yw/kCDPBIxE3IR0pLtOFHA==}
    dev: true

  /@vue/composition-api@1.7.2(vue@2.6.14):
    resolution: {integrity: sha512-M8jm9J/laYrYT02665HkZ5l2fWTK4dcVg3BsDHm/pfz+MjDYwX+9FUaZyGwEyXEDonQYRCo0H7aLgdklcIELjw==}
    peerDependencies:
      vue: '>= 2.5 < 2.7'
    dependencies:
      vue: 2.6.14

  /vue-demi@0.14.6(@vue/composition-api@1.7.2)(vue@2.6.14):
    resolution: {integrity: sha512-8QA7wrYSHKaYgUxDA5ZC24w+eHm3sYCbp0EzcDwKqN3p6HqtTCGR/GVsPyZW92unff4UlcSh++lmqDWN3ZIq4w==}
    engines: {node: '>=12'}
    hasBin: true
    requiresBuild: true
    peerDependencies:
      '@vue/composition-api': ^1.0.0-rc.1
      vue: ^3.0.0-0 || ^2.6.0
    peerDependenciesMeta:
      '@vue/composition-api':
        optional: true
    dependencies:
      '@vue/composition-api': 1.7.2(vue@2.6.14)
      vue: 2.6.14
    dev: false

  /vue@2.6.14:
    resolution: {integrity: sha512-x2284lgYvjOMj3Za7kqzRcUSxBboHqtgRE2zlos1qWaOye5yUmHn42LB1250NJBLRwEcdrB0JRwyPTEPhfQjiQ==}
